
Microsoft Visual Studio Solution File, Format Version 12.00
# Visual Studio Version 16
VisualStudioVersion = 16.0.808.8
MinimumVisualStudioVersion = 10.0.40219.1
Project("{FAE04EC0-301F-11D3-BF4B-00C04F79EFBC}") = "CalcLibTest", "CalcLibTest.csproj", "{1C0B8F85-D2AB-4905-ADE6-D81612F5D140}"
EndProject
Global
	GlobalSection(SolutionConfigurationPlatforms) = preSolution
		Debug|Any CPU = Debug|Any CPU
		Release|Any CPU = Release|Any CPU
	EndGlobalSection
	GlobalSection(ProjectConfigurationPlatforms) = postSolution
		{1C0B8F85-D2AB-4905-ADE6-D81612F5D140}.Debug|Any CPU.ActiveCfg = Debug|Any CPU
		{1C0B8F85-D2AB-4905-ADE6-D81612F5D140}.Debug|Any CPU.Build.0 = Debug|Any CPU
		{1C0B8F85-D2AB-4905-ADE6-D81612F5D140}.Release|Any CPU.ActiveCfg = Release|Any CPU
		{1C0B8F85-D2AB-4905-ADE6-D81612F5D140}.Release|Any CPU.Build.0 = Release|Any CPU
	EndGlobalSection
	GlobalSection(SolutionProperties) = preSolution
		HideSolutionNode = FALSE
	EndGlobalSection
	GlobalSection(ExtensibilityGlobals) = postSolution
		SolutionGuid = {EF242A92-1162-4603-AC98-319D7E1B8C9F}
	EndGlobalSection
EndGlobal
