
Microsoft Visual Studio Solution File, Format Version 12.00
# Visual Studio Version 16
VisualStudioVersion = 16.0.808.8
MinimumVisualStudioVersion = 10.0.40219.1
Project("{FAE04EC0-301F-11D3-BF4B-00C04F79EFBC}") = "HelloWorld", "HelloWorld\HelloWorld.csproj", "{A9D4FEE5-E6F4-4319-982D-84C62249E497}"
EndProject
Global
	GlobalSection(SolutionConfigurationPlatforms) = preSolution
		Debug|Any CPU = Debug|Any CPU
		Release|Any CPU = Release|Any CPU
	EndGlobalSection
	GlobalSection(ProjectConfigurationPlatforms) = postSolution
		{A9D4FEE5-E6F4-4319-982D-84C62249E497}.Debug|Any CPU.ActiveCfg = Debug|Any CPU
		{A9D4FEE5-E6F4-4319-982D-84C62249E497}.Debug|Any CPU.Build.0 = Debug|Any CPU
		{A9D4FEE5-E6F4-4319-982D-84C62249E497}.Release|Any CPU.ActiveCfg = Release|Any CPU
		{A9D4FEE5-E6F4-4319-982D-84C62249E497}.Release|Any CPU.Build.0 = Release|Any CPU
	EndGlobalSection
	GlobalSection(SolutionProperties) = preSolution
		HideSolutionNode = FALSE
	EndGlobalSection
	GlobalSection(ExtensibilityGlobals) = postSolution
		SolutionGuid = {C5B14163-C8B4-450A-85F3-10CAD6CAA2C0}
	EndGlobalSection
EndGlobal
