
Microsoft Visual Studio Solution File, Format Version 12.00
# Visual Studio Version 16
VisualStudioVersion = 16.0.808.8
MinimumVisualStudioVersion = 10.0.40219.1
Project("{FAE04EC0-301F-11D3-BF4B-00C04F79EFBC}") = "Homework2", "Homework2\Homework2.csproj", "{ACA7FA64-E602-457B-932D-6E75C29458ED}"
EndProject
Global
	GlobalSection(SolutionConfigurationPlatforms) = preSolution
		Debug|Any CPU = Debug|Any CPU
		Release|Any CPU = Release|Any CPU
	EndGlobalSection
	GlobalSection(ProjectConfigurationPlatforms) = postSolution
		{ACA7FA64-E602-457B-932D-6E75C29458ED}.Debug|Any CPU.ActiveCfg = Debug|Any CPU
		{ACA7FA64-E602-457B-932D-6E75C29458ED}.Debug|Any CPU.Build.0 = Debug|Any CPU
		{ACA7FA64-E602-457B-932D-6E75C29458ED}.Release|Any CPU.ActiveCfg = Release|Any CPU
		{ACA7FA64-E602-457B-932D-6E75C29458ED}.Release|Any CPU.Build.0 = Release|Any CPU
	EndGlobalSection
	GlobalSection(SolutionProperties) = preSolution
		HideSolutionNode = FALSE
	EndGlobalSection
	GlobalSection(ExtensibilityGlobals) = postSolution
		SolutionGuid = {DFF5EF4F-A8E3-4619-A552-B4CA0B78CBC5}
	EndGlobalSection
EndGlobal
