
Microsoft Visual Studio Solution File, Format Version 12.00
# Visual Studio Version 16
VisualStudioVersion = 16.0.808.8
MinimumVisualStudioVersion = 10.0.40219.1
Project("{FAE04EC0-301F-11D3-BF4B-00C04F79EFBC}") = "CalculatorLib", "YashMidterm\CalculatorLib.csproj", "{6360A11E-3918-419E-869A-7E89B98203E6}"
EndProject
Project("{FAE04EC0-301F-11D3-BF4B-00C04F79EFBC}") = "CalcLibTest", "CalcLibTest\CalcLibTest.csproj", "{297DCB2F-C55F-46EE-A978-71EB11D508E4}"
EndProject
Project("{FAE04EC0-301F-11D3-BF4B-00C04F79EFBC}") = "TextFileProgram", "TextFileProgram\TextFileProgram.csproj", "{DA5F7DE1-5CC1-4DDD-87AB-D165EA737D87}"
EndProject
Global
	GlobalSection(SolutionConfigurationPlatforms) = preSolution
		Debug|Any CPU = Debug|Any CPU
		Release|Any CPU = Release|Any CPU
	EndGlobalSection
	GlobalSection(ProjectConfigurationPlatforms) = postSolution
		{6360A11E-3918-419E-869A-7E89B98203E6}.Debug|Any CPU.ActiveCfg = Debug|Any CPU
		{6360A11E-3918-419E-869A-7E89B98203E6}.Debug|Any CPU.Build.0 = Debug|Any CPU
		{6360A11E-3918-419E-869A-7E89B98203E6}.Release|Any CPU.ActiveCfg = Release|Any CPU
		{6360A11E-3918-419E-869A-7E89B98203E6}.Release|Any CPU.Build.0 = Release|Any CPU
		{297DCB2F-C55F-46EE-A978-71EB11D508E4}.Debug|Any CPU.ActiveCfg = Debug|Any CPU
		{297DCB2F-C55F-46EE-A978-71EB11D508E4}.Debug|Any CPU.Build.0 = Debug|Any CPU
		{297DCB2F-C55F-46EE-A978-71EB11D508E4}.Release|Any CPU.ActiveCfg = Release|Any CPU
		{297DCB2F-C55F-46EE-A978-71EB11D508E4}.Release|Any CPU.Build.0 = Release|Any CPU
		{DA5F7DE1-5CC1-4DDD-87AB-D165EA737D87}.Debug|Any CPU.ActiveCfg = Debug|Any CPU
		{DA5F7DE1-5CC1-4DDD-87AB-D165EA737D87}.Debug|Any CPU.Build.0 = Debug|Any CPU
		{DA5F7DE1-5CC1-4DDD-87AB-D165EA737D87}.Release|Any CPU.ActiveCfg = Release|Any CPU
		{DA5F7DE1-5CC1-4DDD-87AB-D165EA737D87}.Release|Any CPU.Build.0 = Release|Any CPU
	EndGlobalSection
	GlobalSection(SolutionProperties) = preSolution
		HideSolutionNode = FALSE
	EndGlobalSection
	GlobalSection(ExtensibilityGlobals) = postSolution
		SolutionGuid = {3E5E7695-92CD-437B-B7A9-8F57CFB83D23}
	EndGlobalSection
EndGlobal
